<?xml version="1.0" encoding="utf-8"?>
<Project ToolsVersion="4.0" xmlns="http://schemas.microsoft.com/developer/msbuild/2003">
  <ItemGroup>
    <Filter Include="Source Files">
      <UniqueIdentifier>{4FC737F1-C7A5-4376-A066-2A32D752A2FF}</UniqueIdentifier>
      <Extensions>cpp;c;cc;cxx;def;odl;idl;hpj;bat;asm;asmx</Extensions>
    </Filter>
    <Filter Include="Header Files">
      <UniqueIdentifier>{93995380-89BD-4b04-88EB-625FBE52EBFB}</UniqueIdentifier>
      <Extensions>h;hh;hpp;hxx;hm;inl;inc;xsd</Extensions>
    </Filter>
    <Filter Include="Misc Files">
      <UniqueIdentifier>{67DA6AB6-F800-4c08-8B7A-83BB121AAD01}</UniqueIdentifier>
      <Extensions>xml;json;txt;rc;ico;cur;bmp;dlg;rc2;rct;bin;rgs;gif;jpg;jpeg;jpe;resx;tiff;tif;png;wav;mfcribbon-ms</Extensions>
    </Filter>
  </ItemGroup>
  <ItemGroup>
    <None Include="src\arduino folders read me.txt">
      <Filter>Misc Files</Filter>
    </None>
    <None Include="src\EUROCRACK_SYNTH.ino" />
    <None Include=".gitattributes" />
    <None Include=".gitignore" />
    <None Include="CppProperties.json">
      <Filter>Misc Files</Filter>
    </None>
    <None Include="src\modules\FX_Multi_cpp" />
    <None Include="src\modules\FX_Multi_h" />
    <None Include="src\modules\FX_Reverbcpp" />
    <None Include="src\modules\FX_Reverbh" />
    <None Include="src\modules\MidiPolycpp" />
    <None Include="src\modules\MidiPolyh" />
    <None Include="src\modules\VCOcpp" />
    <None Include="src\modules\VCOh" />
    <None Include="src\modules\WaveTable_cpp" />
    <None Include="src\modules\WaveTable_h" />
    <None Include="README.md" />
  </ItemGroup>
  <ItemGroup>
    <ClInclude Include="__vm\.EUROCRACK_SYNTH.vsarduino.h">
      <Filter>Header Files</Filter>
    </ClInclude>
    <ClInclude Include="src\PatchCable.h">
      <Filter>Header Files</Filter>
    </ClInclude>
    <ClInclude Include="src\Control.h">
      <Filter>Header Files</Filter>
    </ClInclude>
    <ClInclude Include="src\samples\D_samples.h">
      <Filter>Header Files</Filter>
    </ClInclude>
    <ClInclude Include="src\modules\GateIn.h">
      <Filter>Header Files</Filter>
    </ClInclude>
    <ClInclude Include="src\HardwareCfg.h">
      <Filter>Header Files</Filter>
    </ClInclude>
    <ClInclude Include="src\ModuleFactory.h">
      <Filter>Header Files</Filter>
    </ClInclude>
    <ClInclude Include="src\Module.h">
      <Filter>Header Files</Filter>
    </ClInclude>
    <ClInclude Include="src\Address.h">
      <Filter>Header Files</Filter>
    </ClInclude>
    <ClInclude Include="src\controls\Switch.h">
      <Filter>Header Files</Filter>
    </ClInclude>
    <ClInclude Include="src\controls\Button.h">
      <Filter>Header Files</Filter>
    </ClInclude>
    <ClInclude Include="src\controls\IdMux.h">
      <Filter>Header Files</Filter>
    </ClInclude>
    <ClInclude Include="src\controls\InputSocket.h">
      <Filter>Header Files</Filter>
    </ClInclude>
    <ClInclude Include="src\controls\OutputSocket.h">
      <Filter>Header Files</Filter>
    </ClInclude>
    <ClInclude Include="src\controls\Potentiometer.h">
      <Filter>Header Files</Filter>
    </ClInclude>
    <ClInclude Include="src\modules\ADSR.h">
      <Filter>Header Files</Filter>
    </ClInclude>
    <ClInclude Include="src\modules\AudioIn.h">
      <Filter>Header Files</Filter>
    </ClInclude>
    <ClInclude Include="src\modules\AudioOut.h">
      <Filter>Header Files</Filter>
    </ClInclude>
    <ClInclude Include="src\modules\DrumMachine.h">
      <Filter>Header Files</Filter>
    </ClInclude>
    <ClInclude Include="src\modules\EmptyModule.h">
      <Filter>Header Files</Filter>
    </ClInclude>
    <ClInclude Include="src\modules\MidiMono.h">
      <Filter>Header Files</Filter>
    </ClInclude>
    <ClInclude Include="src\modules\Mixer8.h">
      <Filter>Header Files</Filter>
    </ClInclude>
    <ClInclude Include="src\modules\VCA.h">
      <Filter>Header Files</Filter>
    </ClInclude>
    <ClInclude Include="src\modules\Vcf.h">
      <Filter>Header Files</Filter>
    </ClInclude>
    <ClInclude Include="src\modules\VCO_det.h">
      <Filter>Header Files</Filter>
    </ClInclude>
    <ClInclude Include="src\controls\Socket.h">
      <Filter>Header Files</Filter>
    </ClInclude>
  </ItemGroup>
  <ItemGroup>
    <ClCompile Include="src\samples\D_samples.cpp">
      <Filter>Source Files</Filter>
    </ClCompile>
    <ClCompile Include="src\modules\GateIn.cpp">
      <Filter>Source Files</Filter>
    </ClCompile>
    <ClCompile Include="src\Module.cpp">
      <Filter>Source Files</Filter>
    </ClCompile>
    <ClCompile Include="src\PatchCable.cpp">
      <Filter>Source Files</Filter>
    </ClCompile>
    <ClCompile Include="src\Address.cpp">
      <Filter>Source Files</Filter>
    </ClCompile>
    <ClCompile Include="src\controls\Button.cpp">
      <Filter>Source Files</Filter>
    </ClCompile>
    <ClCompile Include="src\controls\IdMux.cpp">
      <Filter>Source Files</Filter>
    </ClCompile>
    <ClCompile Include="src\controls\InputSocket.cpp">
      <Filter>Source Files</Filter>
    </ClCompile>
    <ClCompile Include="src\controls\OutputSocket.cpp">
      <Filter>Source Files</Filter>
    </ClCompile>
    <ClCompile Include="src\controls\Potentiometer.cpp">
      <Filter>Source Files</Filter>
    </ClCompile>
    <ClCompile Include="src\controls\Switch.cpp">
      <Filter>Source Files</Filter>
    </ClCompile>
    <ClCompile Include="src\modules\ADSR.cpp">
      <Filter>Source Files</Filter>
    </ClCompile>
    <ClCompile Include="src\modules\AudioIn.cpp">
      <Filter>Source Files</Filter>
    </ClCompile>
    <ClCompile Include="src\modules\AudioOut.cpp">
      <Filter>Source Files</Filter>
    </ClCompile>
    <ClCompile Include="src\modules\DrumMachine.cpp">
      <Filter>Source Files</Filter>
    </ClCompile>
    <ClCompile Include="src\modules\MidiMono.cpp">
      <Filter>Source Files</Filter>
    </ClCompile>
    <ClCompile Include="src\modules\Mixer8.cpp">
      <Filter>Source Files</Filter>
    </ClCompile>
    <ClCompile Include="src\modules\VCA.cpp">
      <Filter>Source Files</Filter>
    </ClCompile>
    <ClCompile Include="src\modules\Vcf.cpp">
      <Filter>Source Files</Filter>
    </ClCompile>
    <ClCompile Include="src\modules\VCO_det.cpp">
      <Filter>Source Files</Filter>
    </ClCompile>
    <ClCompile Include="src\controls\Socket.cpp">
      <Filter>Source Files</Filter>
    </ClCompile>
  </ItemGroup>
</Project>